
Microsoft Visual Studio Solution File, Format Version 12.00
# Visual Studio Version 16
VisualStudioVersion = 16.0.30128.74
MinimumVisualStudioVersion = 10.0.40219.1
Project("{2150E333-8FDC-42A3-9474-1A3956D46DE8}") = "Application", "Application", "{03E25904-CBD0-4077-AFCE-283B49DFADF5}"
EndProject
Project("{2150E333-8FDC-42A3-9474-1A3956D46DE8}") = "Domain", "Domain", "{89BB660E-44CA-4193-8333-D70A95301AA9}"
EndProject
Project("{2150E333-8FDC-42A3-9474-1A3956D46DE8}") = "Infra.IoC", "Infra.IoC", "{B509C8BA-AA7C-4F02-9497-5ABD91309A29}"
EndProject
Project("{2150E333-8FDC-42A3-9474-1A3956D46DE8}") = "Infra.Data", "Infra.Data", "{E9656614-28B1-4920-8811-82776A962FBA}"
EndProject
Project("{2150E333-8FDC-42A3-9474-1A3956D46DE8}") = "Presentation", "Presentation", "{00F64099-6DB2-42FC-B391-A20B820B98A4}"
EndProject
Project("{9A19103F-16F7-4668-BE54-9A1E7A4F7556}") = "CleanArch.Mvc", "CleanArch.Mvc\CleanArch.Mvc.csproj", "{F5FEAA66-1595-4608-9EB7-A9578CC10357}"
EndProject
Project("{9A19103F-16F7-4668-BE54-9A1E7A4F7556}") = "CleanArch.Domain", "CleanArch.Domain\CleanArch.Domain.csproj", "{A11039E5-8D24-4B05-AB31-03925AF2E1D7}"
EndProject
Project("{9A19103F-16F7-4668-BE54-9A1E7A4F7556}") = "CleanArch.Infra.Data", "CleanArch.Infra.Data\CleanArch.Infra.Data.csproj", "{26878351-5EA5-400C-80E0-4550F234BDBB}"
EndProject
Project("{9A19103F-16F7-4668-BE54-9A1E7A4F7556}") = "CleanArch.Application", "CleanArch.Application\CleanArch.Application.csproj", "{AAF4B3E1-68B0-4790-9782-92774E3958CF}"
EndProject
Project("{FAE04EC0-301F-11D3-BF4B-00C04F79EFBC}") = "CleanArch.Infra.IoC", "CleanArch.Infra.IoC\CleanArch.Infra.IoC.csproj", "{D3CFB199-6D47-4E14-A51C-B78199A16C47}"
EndProject
Global
	GlobalSection(SolutionConfigurationPlatforms) = preSolution
		Debug|Any CPU = Debug|Any CPU
		Release|Any CPU = Release|Any CPU
	EndGlobalSection
	GlobalSection(ProjectConfigurationPlatforms) = postSolution
		{F5FEAA66-1595-4608-9EB7-A9578CC10357}.Debug|Any CPU.ActiveCfg = Debug|Any CPU
		{F5FEAA66-1595-4608-9EB7-A9578CC10357}.Debug|Any CPU.Build.0 = Debug|Any CPU
		{F5FEAA66-1595-4608-9EB7-A9578CC10357}.Release|Any CPU.ActiveCfg = Release|Any CPU
		{F5FEAA66-1595-4608-9EB7-A9578CC10357}.Release|Any CPU.Build.0 = Release|Any CPU
		{A11039E5-8D24-4B05-AB31-03925AF2E1D7}.Debug|Any CPU.ActiveCfg = Debug|Any CPU
		{A11039E5-8D24-4B05-AB31-03925AF2E1D7}.Debug|Any CPU.Build.0 = Debug|Any CPU
		{A11039E5-8D24-4B05-AB31-03925AF2E1D7}.Release|Any CPU.ActiveCfg = Release|Any CPU
		{A11039E5-8D24-4B05-AB31-03925AF2E1D7}.Release|Any CPU.Build.0 = Release|Any CPU
		{26878351-5EA5-400C-80E0-4550F234BDBB}.Debug|Any CPU.ActiveCfg = Debug|Any CPU
		{26878351-5EA5-400C-80E0-4550F234BDBB}.Debug|Any CPU.Build.0 = Debug|Any CPU
		{26878351-5EA5-400C-80E0-4550F234BDBB}.Release|Any CPU.ActiveCfg = Release|Any CPU
		{26878351-5EA5-400C-80E0-4550F234BDBB}.Release|Any CPU.Build.0 = Release|Any CPU
		{AAF4B3E1-68B0-4790-9782-92774E3958CF}.Debug|Any CPU.ActiveCfg = Debug|Any CPU
		{AAF4B3E1-68B0-4790-9782-92774E3958CF}.Debug|Any CPU.Build.0 = Debug|Any CPU
		{AAF4B3E1-68B0-4790-9782-92774E3958CF}.Release|Any CPU.ActiveCfg = Release|Any CPU
		{AAF4B3E1-68B0-4790-9782-92774E3958CF}.Release|Any CPU.Build.0 = Release|Any CPU
		{D3CFB199-6D47-4E14-A51C-B78199A16C47}.Debug|Any CPU.ActiveCfg = Debug|Any CPU
		{D3CFB199-6D47-4E14-A51C-B78199A16C47}.Debug|Any CPU.Build.0 = Debug|Any CPU
		{D3CFB199-6D47-4E14-A51C-B78199A16C47}.Release|Any CPU.ActiveCfg = Release|Any CPU
		{D3CFB199-6D47-4E14-A51C-B78199A16C47}.Release|Any CPU.Build.0 = Release|Any CPU
	EndGlobalSection
	GlobalSection(SolutionProperties) = preSolution
		HideSolutionNode = FALSE
	EndGlobalSection
	GlobalSection(NestedProjects) = preSolution
		{F5FEAA66-1595-4608-9EB7-A9578CC10357} = {00F64099-6DB2-42FC-B391-A20B820B98A4}
		{A11039E5-8D24-4B05-AB31-03925AF2E1D7} = {89BB660E-44CA-4193-8333-D70A95301AA9}
		{26878351-5EA5-400C-80E0-4550F234BDBB} = {E9656614-28B1-4920-8811-82776A962FBA}
		{AAF4B3E1-68B0-4790-9782-92774E3958CF} = {03E25904-CBD0-4077-AFCE-283B49DFADF5}
		{D3CFB199-6D47-4E14-A51C-B78199A16C47} = {B509C8BA-AA7C-4F02-9497-5ABD91309A29}
	EndGlobalSection
	GlobalSection(ExtensibilityGlobals) = postSolution
		SolutionGuid = {BB5E4A58-0BC9-40F4-930A-F9EC19AC3B36}
	EndGlobalSection
EndGlobal
